// !$*UTF8*$!
{
	archiveVersion = 1;
	classes = {
	};
	objectVersion = 46;
	objects = {

/* Begin PBXBuildFile section */
		F40952AA1C5E5A49007CE065 /* AppDelegate.swift in Sources */ = {isa = PBXBuildFile; fileRef = F40952A91C5E5A49007CE065 /* AppDelegate.swift */; };
		F40952AC1C5E5A49007CE065 /* ViewController.swift in Sources */ = {isa = PBXBuildFile; fileRef = F40952AB1C5E5A49007CE065 /* ViewController.swift */; };
		F40952AF1C5E5A49007CE065 /* Main.storyboard in Resources */ = {isa = PBXBuildFile; fileRef = F40952AD1C5E5A49007CE065 /* Main.storyboard */; };
		F40952B11C5E5A49007CE065 /* Assets.xcassets in Resources */ = {isa = PBXBuildFile; fileRef = F40952B01C5E5A49007CE065 /* Assets.xcassets */; };
		F40952B41C5E5A49007CE065 /* LaunchScreen.storyboard in Resources */ = {isa = PBXBuildFile; fileRef = F40952B21C5E5A49007CE065 /* LaunchScreen.storyboard */; };
		F40952BC1C5E5D0C007CE065 /* pokemon.csv in Resources */ = {isa = PBXBuildFile; fileRef = F40952BB1C5E5D0C007CE065 /* pokemon.csv */; };
		F40952C11C5E5F95007CE065 /* Pokemon.swift in Sources */ = {isa = PBXBuildFile; fileRef = F40952C01C5E5F95007CE065 /* Pokemon.swift */; };
		F40952C51C5E69C4007CE065 /* PokeCell.swift in Sources */ = {isa = PBXBuildFile; fileRef = F40952C41C5E69C3007CE065 /* PokeCell.swift */; };
		F40952C71C5F7D67007CE065 /* csv.swift in Sources */ = {isa = PBXBuildFile; fileRef = F40952C61C5F7D67007CE065 /* csv.swift */; };
		F40952CB1C5F86BF007CE065 /* Pokemon.ttf in Resources */ = {isa = PBXBuildFile; fileRef = F40952CA1C5F86BF007CE065 /* Pokemon.ttf */; };
		F40952CD1C5F9433007CE065 /* pokemusic.mp3 in Resources */ = {isa = PBXBuildFile; fileRef = F40952CC1C5F9433007CE065 /* pokemusic.mp3 */; };
/* End PBXBuildFile section */

/* Begin PBXFileReference section */
		F40952A61C5E5A49007CE065 /* pokedex.app */ = {isa = PBXFileReference; explicitFileType = wrapper.application; includeInIndex = 0; path = pokedex.app; sourceTree = BUILT_PRODUCTS_DIR; };
		F40952A91C5E5A49007CE065 /* AppDelegate.swift */ = {isa = PBXFileReference; lastKnownFileType = sourcecode.swift; path = AppDelegate.swift; sourceTree = "<group>"; };
		F40952AB1C5E5A49007CE065 /* ViewController.swift */ = {isa = PBXFileReference; lastKnownFileType = sourcecode.swift; path = ViewController.swift; sourceTree = "<group>"; };
		F40952AE1C5E5A49007CE065 /* Base */ = {isa = PBXFileReference; lastKnownFileType = file.storyboard; name = Base; path = Base.lproj/Main.storyboard; sourceTree = "<group>"; };
		F40952B01C5E5A49007CE065 /* Assets.xcassets */ = {isa = PBXFileReference; lastKnownFileType = folder.assetcatalog; path = Assets.xcassets; sourceTree = "<group>"; };
		F40952B31C5E5A49007CE065 /* Base */ = {isa = PBXFileReference; lastKnownFileType = file.storyboard; name = Base; path = Base.lproj/LaunchScreen.storyboard; sourceTree = "<group>"; };
		F40952B51C5E5A49007CE065 /* Info.plist */ = {isa = PBXFileReference; lastKnownFileType = text.plist.xml; path = Info.plist; sourceTree = "<group>"; };
		F40952BB1C5E5D0C007CE065 /* pokemon.csv */ = {isa = PBXFileReference; fileEncoding = 4; lastKnownFileType = text; path = pokemon.csv; sourceTree = "<group>"; };
		F40952C01C5E5F95007CE065 /* Pokemon.swift */ = {isa = PBXFileReference; fileEncoding = 4; lastKnownFileType = sourcecode.swift; path = Pokemon.swift; sourceTree = "<group>"; };
		F40952C41C5E69C3007CE065 /* PokeCell.swift */ = {isa = PBXFileReference; fileEncoding = 4; lastKnownFileType = sourcecode.swift; path = PokeCell.swift; sourceTree = "<group>"; };
		F40952C61C5F7D67007CE065 /* csv.swift */ = {isa = PBXFileReference; fileEncoding = 4; lastKnownFileType = sourcecode.swift; path = csv.swift; sourceTree = "<group>"; };
		F40952CA1C5F86BF007CE065 /* Pokemon.ttf */ = {isa = PBXFileReference; lastKnownFileType = file; path = Pokemon.ttf; sourceTree = "<group>"; };
		F40952CC1C5F9433007CE065 /* pokemusic.mp3 */ = {isa = PBXFileReference; lastKnownFileType = audio.mp3; path = pokemusic.mp3; sourceTree = "<group>"; };
/* End PBXFileReference section */

/* Begin PBXFrameworksBuildPhase section */
		F40952A31C5E5A49007CE065 /* Frameworks */ = {
			isa = PBXFrameworksBuildPhase;
			buildActionMask = 2147483647;
			files = (
			);
			runOnlyForDeploymentPostprocessing = 0;
		};
/* End PBXFrameworksBuildPhase section */

/* Begin PBXGroup section */
		F409529D1C5E5A49007CE065 = {
			isa = PBXGroup;
			children = (
				F40952A81C5E5A49007CE065 /* pokedex */,
				F40952A71C5E5A49007CE065 /* Products */,
			);
			sourceTree = "<group>";
		};
		F40952A71C5E5A49007CE065 /* Products */ = {
			isa = PBXGroup;
			children = (
				F40952A61C5E5A49007CE065 /* pokedex.app */,
			);
			name = Products;
			sourceTree = "<group>";
		};
		F40952A81C5E5A49007CE065 /* pokedex */ = {
			isa = PBXGroup;
			children = (
				F40952C91C5F7EB1007CE065 /* Resources */,
				F40952C81C5F7E96007CE065 /* Util */,
				F40952BD1C5E5F72007CE065 /* Model */,
				F40952BE1C5E5F7A007CE065 /* View */,
				F40952BF1C5E5F81007CE065 /* Controller */,
				F40952A91C5E5A49007CE065 /* AppDelegate.swift */,
				F40952AD1C5E5A49007CE065 /* Main.storyboard */,
				F40952B01C5E5A49007CE065 /* Assets.xcassets */,
				F40952B21C5E5A49007CE065 /* LaunchScreen.storyboard */,
				F40952B51C5E5A49007CE065 /* Info.plist */,
			);
			path = pokedex;
			sourceTree = "<group>";
		};
		F40952BD1C5E5F72007CE065 /* Model */ = {
			isa = PBXGroup;
			children = (
				F40952C01C5E5F95007CE065 /* Pokemon.swift */,
			);
			name = Model;
			sourceTree = "<group>";
		};
		F40952BE1C5E5F7A007CE065 /* View */ = {
			isa = PBXGroup;
			children = (
				F40952C41C5E69C3007CE065 /* PokeCell.swift */,
			);
			name = View;
			sourceTree = "<group>";
		};
		F40952BF1C5E5F81007CE065 /* Controller */ = {
			isa = PBXGroup;
			children = (
				F40952AB1C5E5A49007CE065 /* ViewController.swift */,
			);
			name = Controller;
			sourceTree = "<group>";
		};
		F40952C81C5F7E96007CE065 /* Util */ = {
			isa = PBXGroup;
			children = (
				F40952C61C5F7D67007CE065 /* csv.swift */,
			);
			name = Util;
			sourceTree = "<group>";
		};
		F40952C91C5F7EB1007CE065 /* Resources */ = {
			isa = PBXGroup;
			children = (
				F40952CC1C5F9433007CE065 /* pokemusic.mp3 */,
				F40952CA1C5F86BF007CE065 /* Pokemon.ttf */,
				F40952BB1C5E5D0C007CE065 /* pokemon.csv */,
			);
			name = Resources;
			sourceTree = "<group>";
		};
/* End PBXGroup section */

/* Begin PBXNativeTarget section */
		F40952A51C5E5A49007CE065 /* pokedex */ = {
			isa = PBXNativeTarget;
			buildConfigurationList = F40952B81C5E5A49007CE065 /* Build configuration list for PBXNativeTarget "pokedex" */;
			buildPhases = (
				F40952A21C5E5A49007CE065 /* Sources */,
				F40952A31C5E5A49007CE065 /* Frameworks */,
				F40952A41C5E5A49007CE065 /* Resources */,
			);
			buildRules = (
			);
			dependencies = (
			);
			name = pokedex;
			productName = pokedex;
			productReference = F40952A61C5E5A49007CE065 /* pokedex.app */;
			productType = "com.apple.product-type.application";
		};
/* End PBXNativeTarget section */

/* Begin PBXProject section */
		F409529E1C5E5A49007CE065 /* Project object */ = {
			isa = PBXProject;
			attributes = {
				LastSwiftUpdateCheck = 0720;
				LastUpgradeCheck = 0720;
				ORGANIZATIONNAME = "Simon Thomas";
				TargetAttributes = {
					F40952A51C5E5A49007CE065 = {
						CreatedOnToolsVersion = 7.2;
						DevelopmentTeam = 455MV7795G;
					};
				};
			};
			buildConfigurationList = F40952A11C5E5A49007CE065 /* Build configuration list for PBXProject "pokedex" */;
			compatibilityVersion = "Xcode 3.2";
			developmentRegion = English;
			hasScannedForEncodings = 0;
			knownRegions = (
				en,
				Base,
			);
			mainGroup = F409529D1C5E5A49007CE065;
			productRefGroup = F40952A71C5E5A49007CE065 /* Products */;
			projectDirPath = "";
			projectRoot = "";
			targets = (
				F40952A51C5E5A49007CE065 /* pokedex */,
			);
		};
/* End PBXProject section */

/* Begin PBXResourcesBuildPhase section */
		F40952A41C5E5A49007CE065 /* Resources */ = {
			isa = PBXResourcesBuildPhase;
			buildActionMask = 2147483647;
			files = (
				F40952B41C5E5A49007CE065 /* LaunchScreen.storyboard in Resources */,
				F40952CB1C5F86BF007CE065 /* Pokemon.ttf in Resources */,
				F40952B11C5E5A49007CE065 /* Assets.xcassets in Resources */,
				F40952CD1C5F9433007CE065 /* pokemusic.mp3 in Resources */,
				F40952BC1C5E5D0C007CE065 /* pokemon.csv in Resources */,
				F40952AF1C5E5A49007CE065 /* Main.storyboard in Resources */,
			);
			runOnlyForDeploymentPostprocessing = 0;
		};
/* End PBXResourcesBuildPhase section */

/* Begin PBXSourcesBuildPhase section */
		F40952A21C5E5A49007CE065 /* Sources */ = {
			isa = PBXSourcesBuildPhase;
			buildActionMask = 2147483647;
			files = (
				F40952C51C5E69C4007CE065 /* PokeCell.swift in Sources */,
				F40952AC1C5E5A49007CE065 /* ViewController.swift in Sources */,
				F40952AA1C5E5A49007CE065 /* AppDelegate.swift in Sources */,
				F40952C11C5E5F95007CE065 /* Pokemon.swift in Sources */,
				F40952C71C5F7D67007CE065 /* csv.swift in Sources */,
			);
			runOnlyForDeploymentPostprocessing = 0;
		};
/* End PBXSourcesBuildPhase section */

/* Begin PBXVariantGroup section */
		F40952AD1C5E5A49007CE065 /* Main.storyboard */ = {
			isa = PBXVariantGroup;
			children = (
				F40952AE1C5E5A49007CE065 /* Base */,
			);
			name = Main.storyboard;
			sourceTree = "<group>";
		};
		F40952B21C5E5A49007CE065 /* LaunchScreen.storyboard */ = {
			isa = PBXVariantGroup;
			children = (
				F40952B31C5E5A49007CE065 /* Base */,
			);
			name = LaunchScreen.storyboard;
			sourceTree = "<group>";
		};
/* End PBXVariantGroup section */

/* Begin XCBuildConfiguration section */
		F40952B61C5E5A49007CE065 /* Debug */ = {
			isa = XCBuildConfiguration;
			buildSettings = {
				ALWAYS_SEARCH_USER_PATHS = NO;
				CLANG_CXX_LANGUAGE_STANDARD = "gnu++0x";
				CLANG_CXX_LIBRARY = "libc++";
				CLANG_ENABLE_MODULES = YES;
				CLANG_ENABLE_OBJC_ARC = YES;
				CLANG_WARN_BOOL_CONVERSION = YES;
				CLANG_WARN_CONSTANT_CONVERSION = YES;
				CLANG_WARN_DIRECT_OBJC_ISA_USAGE = YES_ERROR;
				CLANG_WARN_EMPTY_BODY = YES;
				CLANG_WARN_ENUM_CONVERSION = YES;
				CLANG_WARN_INT_CONVERSION = YES;
				CLANG_WARN_OBJC_ROOT_CLASS = YES_ERROR;
				CLANG_WARN_UNREACHABLE_CODE = YES;
				CLANG_WARN__DUPLICATE_METHOD_MATCH = YES;
				"CODE_SIGN_IDENTITY[sdk=iphoneos*]" = "iPhone Developer";
				COPY_PHASE_STRIP = NO;
				DEBUG_INFORMATION_FORMAT = dwarf;
				ENABLE_STRICT_OBJC_MSGSEND = YES;
				ENABLE_TESTABILITY = YES;
				GCC_C_LANGUAGE_STANDARD = gnu99;
				GCC_DYNAMIC_NO_PIC = NO;
				GCC_NO_COMMON_BLOCKS = YES;
				GCC_OPTIMIZATION_LEVEL = 0;
				GCC_PREPROCESSOR_DEFINITIONS = (
					"DEBUG=1",
					"$(inherited)",
				);
				GCC_WARN_64_TO_32_BIT_CONVERSION = YES;
				GCC_WARN_ABOUT_RETURN_TYPE = YES_ERROR;
				GCC_WARN_UNDECLARED_SELECTOR = YES;
				GCC_WARN_UNINITIALIZED_AUTOS = YES_AGGRESSIVE;
				GCC_WARN_UNUSED_FUNCTION = YES;
				GCC_WARN_UNUSED_VARIABLE = YES;
				IPHONEOS_DEPLOYMENT_TARGET = 9.2;
				MTL_ENABLE_DEBUG_INFO = YES;
				ONLY_ACTIVE_ARCH = YES;
				SDKROOT = iphoneos;
				SWIFT_OPTIMIZATION_LEVEL = "-Onone";
				TARGETED_DEVICE_FAMILY = "1,2";
			};
			name = Debug;
		};
		F40952B71C5E5A49007CE065 /* Release */ = {
			isa = XCBuildConfiguration;
			buildSettings = {
				ALWAYS_SEARCH_USER_PATHS = NO;
				CLANG_CXX_LANGUAGE_STANDARD = "gnu++0x";
				CLANG_CXX_LIBRARY = "libc++";
				CLANG_ENABLE_MODULES = YES;
				CLANG_ENABLE_OBJC_ARC = YES;
				CLANG_WARN_BOOL_CONVERSION = YES;
				CLANG_WARN_CONSTANT_CONVERSION = YES;
				CLANG_WARN_DIRECT_OBJC_ISA_USAGE = YES_ERROR;
				CLANG_WARN_EMPTY_BODY = YES;
				CLANG_WARN_ENUM_CONVERSION = YES;
				CLANG_WARN_INT_CONVERSION = YES;
				CLANG_WARN_OBJC_ROOT_CLASS = YES_ERROR;
				CLANG_WARN_UNREACHABLE_CODE = YES;
				CLANG_WARN__DUPLICATE_METHOD_MATCH = YES;
				"CODE_SIGN_IDENTITY[sdk=iphoneos*]" = "iPhone Developer";
				COPY_PHASE_STRIP = NO;
				DEBUG_INFORMATION_FORMAT = "dwarf-with-dsym";
				ENABLE_NS_ASSERTIONS = NO;
				ENABLE_STRICT_OBJC_MSGSEND = YES;
				GCC_C_LANGUAGE_STANDARD = gnu99;
				GCC_NO_COMMON_BLOCKS = YES;
				GCC_WARN_64_TO_32_BIT_CONVERSION = YES;
				GCC_WARN_ABOUT_RETURN_TYPE = YES_ERROR;
				GCC_WARN_UNDECLARED_SELECTOR = YES;
				GCC_WARN_UNINITIALIZED_AUTOS = YES_AGGRESSIVE;
				GCC_WARN_UNUSED_FUNCTION = YES;
				GCC_WARN_UNUSED_VARIABLE = YES;
				IPHONEOS_DEPLOYMENT_TARGET = 9.2;
				MTL_ENABLE_DEBUG_INFO = NO;
				SDKROOT = iphoneos;
				TARGETED_DEVICE_FAMILY = "1,2";
				VALIDATE_PRODUCT = YES;
			};
			name = Release;
		};
		F40952B91C5E5A49007CE065 /* Debug */ = {
			isa = XCBuildConfiguration;
			buildSettings = {
				ASSETCATALOG_COMPILER_APPICON_NAME = AppIcon;
				INFOPLIST_FILE = pokedex/Info.plist;
				LD_RUNPATH_SEARCH_PATHS = "$(inherited) @executable_path/Frameworks";
				PRODUCT_BUNDLE_IDENTIFIER = com.sijt.pokedex;
				PRODUCT_NAME = "$(TARGET_NAME)";
			};
			name = Debug;
		};
		F40952BA1C5E5A49007CE065 /* Release */ = {
			isa = XCBuildConfiguration;
			buildSettings = {
				ASSETCATALOG_COMPILER_APPICON_NAME = AppIcon;
				INFOPLIST_FILE = pokedex/Info.plist;
				LD_RUNPATH_SEARCH_PATHS = "$(inherited) @executable_path/Frameworks";
				PRODUCT_BUNDLE_IDENTIFIER = com.sijt.pokedex;
				PRODUCT_NAME = "$(TARGET_NAME)";
			};
			name = Release;
		};
/* End XCBuildConfiguration section */

/* Begin XCConfigurationList section */
		F40952A11C5E5A49007CE065 /* Build configuration list for PBXProject "pokedex" */ = {
			isa = XCConfigurationList;
			buildConfigurations = (
				F40952B61C5E5A49007CE065 /* Debug */,
				F40952B71C5E5A49007CE065 /* Release */,
			);
			defaultConfigurationIsVisible = 0;
			defaultConfigurationName = Release;
		};
		F40952B81C5E5A49007CE065 /* Build configuration list for PBXNativeTarget "pokedex" */ = {
			isa = XCConfigurationList;
			buildConfigurations = (
				F40952B91C5E5A49007CE065 /* Debug */,
				F40952BA1C5E5A49007CE065 /* Release */,
			);
			defaultConfigurationIsVisible = 0;
		};
/* End XCConfigurationList section */
	};
	rootObject = F409529E1C5E5A49007CE065 /* Project object */;
}
